// !$*UTF8*$!
{
	archiveVersion = 1;
	classes = {
	};
	objectVersion = 48;
	objects = {

/* Begin PBXBuildFile section */
		5A21B15D1FC99B4200110DC3 /* ImageCacheManager.swift in Sources */ = {isa = PBXBuildFile; fileRef = 5A21B15C1FC99B4200110DC3 /* ImageCacheManager.swift */; };
		5A2BD45D1FC8790A00FA7FC9 /* CountryFlagsTableViewController+UISearchControllerDelegate.swift in Sources */ = {isa = PBXBuildFile; fileRef = 5A2BD45C1FC8790A00FA7FC9 /* CountryFlagsTableViewController+UISearchControllerDelegate.swift */; };
		5A2BD45F1FC89F7900FA7FC9 /* Constants.swift in Sources */ = {isa = PBXBuildFile; fileRef = 5A2BD45E1FC89F7900FA7FC9 /* Constants.swift */; };
		5A36A82B1FD1A85000C0AF04 /* FlagsCache.swift in Sources */ = {isa = PBXBuildFile; fileRef = 5A36A82A1FD1A85000C0AF04 /* FlagsCache.swift */; };
		5A36A82E1FD1CCB000C0AF04 /* Countries.xcdatamodeld in Sources */ = {isa = PBXBuildFile; fileRef = 5A36A82C1FD1CCB000C0AF04 /* Countries.xcdatamodeld */; };
		5A3F9F8D1FC0274800F2DAF0 /* AppDelegate.swift in Sources */ = {isa = PBXBuildFile; fileRef = 5A3F9F8C1FC0274800F2DAF0 /* AppDelegate.swift */; };
		5A3F9F941FC0274800F2DAF0 /* Assets.xcassets in Resources */ = {isa = PBXBuildFile; fileRef = 5A3F9F931FC0274800F2DAF0 /* Assets.xcassets */; };
		5A3F9F971FC0274800F2DAF0 /* LaunchScreen.storyboard in Resources */ = {isa = PBXBuildFile; fileRef = 5A3F9F951FC0274800F2DAF0 /* LaunchScreen.storyboard */; };
		5A3F9FA21FC0274800F2DAF0 /* ejercicio4Tests.swift in Sources */ = {isa = PBXBuildFile; fileRef = 5A3F9FA11FC0274800F2DAF0 /* ejercicio4Tests.swift */; };
		5A3F9FAD1FC0288500F2DAF0 /* CountryFlags.storyboard in Resources */ = {isa = PBXBuildFile; fileRef = 5A3F9FAC1FC0288500F2DAF0 /* CountryFlags.storyboard */; };
		5A3F9FAF1FC0310500F2DAF0 /* CountryFlagsTableViewController.swift in Sources */ = {isa = PBXBuildFile; fileRef = 5A3F9FAE1FC0310500F2DAF0 /* CountryFlagsTableViewController.swift */; };
		5A3F9FB21FC0426600F2DAF0 /* CountryCell.swift in Sources */ = {isa = PBXBuildFile; fileRef = 5A3F9FB11FC0426600F2DAF0 /* CountryCell.swift */; };
		5A3F9FB51FC0567100F2DAF0 /* CountryController.swift in Sources */ = {isa = PBXBuildFile; fileRef = 5A3F9FB41FC0567100F2DAF0 /* CountryController.swift */; };
/* End PBXBuildFile section */

/* Begin PBXContainerItemProxy section */
		5A3F9F9E1FC0274800F2DAF0 /* PBXContainerItemProxy */ = {
			isa = PBXContainerItemProxy;
			containerPortal = 5A3F9F811FC0274800F2DAF0 /* Project object */;
			proxyType = 1;
			remoteGlobalIDString = 5A3F9F881FC0274800F2DAF0;
			remoteInfo = ejercicio4;
		};
/* End PBXContainerItemProxy section */

/* Begin PBXFileReference section */
		5A21B15C1FC99B4200110DC3 /* ImageCacheManager.swift */ = {isa = PBXFileReference; lastKnownFileType = sourcecode.swift; path = ImageCacheManager.swift; sourceTree = "<group>"; };
		5A2BD45C1FC8790A00FA7FC9 /* CountryFlagsTableViewController+UISearchControllerDelegate.swift */ = {isa = PBXFileReference; lastKnownFileType = sourcecode.swift; path = "CountryFlagsTableViewController+UISearchControllerDelegate.swift"; sourceTree = "<group>"; };
		5A2BD45E1FC89F7900FA7FC9 /* Constants.swift */ = {isa = PBXFileReference; lastKnownFileType = sourcecode.swift; path = Constants.swift; sourceTree = "<group>"; };
		5A36A82A1FD1A85000C0AF04 /* FlagsCache.swift */ = {isa = PBXFileReference; lastKnownFileType = sourcecode.swift; path = FlagsCache.swift; sourceTree = "<group>"; };
		5A36A82D1FD1CCB000C0AF04 /* Countries.xcdatamodel */ = {isa = PBXFileReference; lastKnownFileType = wrapper.xcdatamodel; path = Countries.xcdatamodel; sourceTree = "<group>"; };
		5A3F9F891FC0274800F2DAF0 /* ejercicio4.app */ = {isa = PBXFileReference; explicitFileType = wrapper.application; includeInIndex = 0; path = ejercicio4.app; sourceTree = BUILT_PRODUCTS_DIR; };
		5A3F9F8C1FC0274800F2DAF0 /* AppDelegate.swift */ = {isa = PBXFileReference; lastKnownFileType = sourcecode.swift; path = AppDelegate.swift; sourceTree = "<group>"; };
		5A3F9F931FC0274800F2DAF0 /* Assets.xcassets */ = {isa = PBXFileReference; lastKnownFileType = folder.assetcatalog; path = Assets.xcassets; sourceTree = "<group>"; };
		5A3F9F961FC0274800F2DAF0 /* Base */ = {isa = PBXFileReference; lastKnownFileType = file.storyboard; name = Base; path = Base.lproj/LaunchScreen.storyboard; sourceTree = "<group>"; };
		5A3F9F981FC0274800F2DAF0 /* Info.plist */ = {isa = PBXFileReference; lastKnownFileType = text.plist.xml; path = Info.plist; sourceTree = "<group>"; };
		5A3F9F9D1FC0274800F2DAF0 /* ejercicio4Tests.xctest */ = {isa = PBXFileReference; explicitFileType = wrapper.cfbundle; includeInIndex = 0; path = ejercicio4Tests.xctest; sourceTree = BUILT_PRODUCTS_DIR; };
		5A3F9FA11FC0274800F2DAF0 /* ejercicio4Tests.swift */ = {isa = PBXFileReference; lastKnownFileType = sourcecode.swift; path = ejercicio4Tests.swift; sourceTree = "<group>"; };
		5A3F9FA31FC0274800F2DAF0 /* Info.plist */ = {isa = PBXFileReference; lastKnownFileType = text.plist.xml; path = Info.plist; sourceTree = "<group>"; };
		5A3F9FAC1FC0288500F2DAF0 /* CountryFlags.storyboard */ = {isa = PBXFileReference; lastKnownFileType = file.storyboard; path = CountryFlags.storyboard; sourceTree = "<group>"; };
		5A3F9FAE1FC0310500F2DAF0 /* CountryFlagsTableViewController.swift */ = {isa = PBXFileReference; lastKnownFileType = sourcecode.swift; path = CountryFlagsTableViewController.swift; sourceTree = "<group>"; };
		5A3F9FB11FC0426600F2DAF0 /* CountryCell.swift */ = {isa = PBXFileReference; lastKnownFileType = sourcecode.swift; path = CountryCell.swift; sourceTree = "<group>"; };
		5A3F9FB41FC0567100F2DAF0 /* CountryController.swift */ = {isa = PBXFileReference; lastKnownFileType = sourcecode.swift; path = CountryController.swift; sourceTree = "<group>"; };
/* End PBXFileReference section */

/* Begin PBXFrameworksBuildPhase section */
		5A3F9F861FC0274800F2DAF0 /* Frameworks */ = {
			isa = PBXFrameworksBuildPhase;
			buildActionMask = 2147483647;
			files = (
			);
			runOnlyForDeploymentPostprocessing = 0;
		};
		5A3F9F9A1FC0274800F2DAF0 /* Frameworks */ = {
			isa = PBXFrameworksBuildPhase;
			buildActionMask = 2147483647;
			files = (
			);
			runOnlyForDeploymentPostprocessing = 0;
		};
/* End PBXFrameworksBuildPhase section */

/* Begin PBXGroup section */
		5A3F9F801FC0274800F2DAF0 = {
			isa = PBXGroup;
			children = (
				5A3F9F8B1FC0274800F2DAF0 /* ejercicio4 */,
				5A3F9FA01FC0274800F2DAF0 /* ejercicio4Tests */,
				5A3F9F8A1FC0274800F2DAF0 /* Products */,
			);
			sourceTree = "<group>";
		};
		5A3F9F8A1FC0274800F2DAF0 /* Products */ = {
			isa = PBXGroup;
			children = (
				5A3F9F891FC0274800F2DAF0 /* ejercicio4.app */,
				5A3F9F9D1FC0274800F2DAF0 /* ejercicio4Tests.xctest */,
			);
			name = Products;
			sourceTree = "<group>";
		};
		5A3F9F8B1FC0274800F2DAF0 /* ejercicio4 */ = {
			isa = PBXGroup;
			children = (
				5A36A82A1FD1A85000C0AF04 /* FlagsCache.swift */,
				5A3F9F8C1FC0274800F2DAF0 /* AppDelegate.swift */,
				5A3F9F931FC0274800F2DAF0 /* Assets.xcassets */,
				5A3F9F951FC0274800F2DAF0 /* LaunchScreen.storyboard */,
				5A3F9F981FC0274800F2DAF0 /* Info.plist */,
				5A3F9FAC1FC0288500F2DAF0 /* CountryFlags.storyboard */,
				5A3F9FB41FC0567100F2DAF0 /* CountryController.swift */,
				5A3F9FAE1FC0310500F2DAF0 /* CountryFlagsTableViewController.swift */,
				5A2BD45E1FC89F7900FA7FC9 /* Constants.swift */,
				5A3F9FB11FC0426600F2DAF0 /* CountryCell.swift */,
				5A2BD45C1FC8790A00FA7FC9 /* CountryFlagsTableViewController+UISearchControllerDelegate.swift */,
				5A21B15C1FC99B4200110DC3 /* ImageCacheManager.swift */,
				5A36A82C1FD1CCB000C0AF04 /* Countries.xcdatamodeld */,
			);
			path = ejercicio4;
			sourceTree = "<group>";
		};
		5A3F9FA01FC0274800F2DAF0 /* ejercicio4Tests */ = {
			isa = PBXGroup;
			children = (
				5A3F9FA11FC0274800F2DAF0 /* ejercicio4Tests.swift */,
				5A3F9FA31FC0274800F2DAF0 /* Info.plist */,
			);
			path = ejercicio4Tests;
			sourceTree = "<group>";
		};
/* End PBXGroup section */

/* Begin PBXNativeTarget section */
		5A3F9F881FC0274800F2DAF0 /* ejercicio4 */ = {
			isa = PBXNativeTarget;
			buildConfigurationList = 5A3F9FA61FC0274800F2DAF0 /* Build configuration list for PBXNativeTarget "ejercicio4" */;
			buildPhases = (
				5A3F9F851FC0274800F2DAF0 /* Sources */,
				5A3F9F861FC0274800F2DAF0 /* Frameworks */,
				5A3F9F871FC0274800F2DAF0 /* Resources */,
			);
			buildRules = (
			);
			dependencies = (
			);
			name = ejercicio4;
			productName = ejercicio4;
			productReference = 5A3F9F891FC0274800F2DAF0 /* ejercicio4.app */;
			productType = "com.apple.product-type.application";
		};
		5A3F9F9C1FC0274800F2DAF0 /* ejercicio4Tests */ = {
			isa = PBXNativeTarget;
			buildConfigurationList = 5A3F9FA91FC0274800F2DAF0 /* Build configuration list for PBXNativeTarget "ejercicio4Tests" */;
			buildPhases = (
				5A3F9F991FC0274800F2DAF0 /* Sources */,
				5A3F9F9A1FC0274800F2DAF0 /* Frameworks */,
				5A3F9F9B1FC0274800F2DAF0 /* Resources */,
			);
			buildRules = (
			);
			dependencies = (
				5A3F9F9F1FC0274800F2DAF0 /* PBXTargetDependency */,
			);
			name = ejercicio4Tests;
			productName = ejercicio4Tests;
			productReference = 5A3F9F9D1FC0274800F2DAF0 /* ejercicio4Tests.xctest */;
			productType = "com.apple.product-type.bundle.unit-test";
		};
/* End PBXNativeTarget section */

/* Begin PBXProject section */
		5A3F9F811FC0274800F2DAF0 /* Project object */ = {
			isa = PBXProject;
			attributes = {
				LastSwiftUpdateCheck = 0900;
				LastUpgradeCheck = 0900;
				ORGANIZATIONNAME = "Universidad San Jorge";
				TargetAttributes = {
					5A3F9F881FC0274800F2DAF0 = {
						CreatedOnToolsVersion = 9.0;
						ProvisioningStyle = Automatic;
					};
					5A3F9F9C1FC0274800F2DAF0 = {
						CreatedOnToolsVersion = 9.0;
						ProvisioningStyle = Automatic;
						TestTargetID = 5A3F9F881FC0274800F2DAF0;
					};
				};
			};
			buildConfigurationList = 5A3F9F841FC0274800F2DAF0 /* Build configuration list for PBXProject "ejercicio4" */;
			compatibilityVersion = "Xcode 8.0";
			developmentRegion = en;
			hasScannedForEncodings = 0;
			knownRegions = (
				en,
				Base,
			);
			mainGroup = 5A3F9F801FC0274800F2DAF0;
			productRefGroup = 5A3F9F8A1FC0274800F2DAF0 /* Products */;
			projectDirPath = "";
			projectRoot = "";
			targets = (
				5A3F9F881FC0274800F2DAF0 /* ejercicio4 */,
				5A3F9F9C1FC0274800F2DAF0 /* ejercicio4Tests */,
			);
		};
/* End PBXProject section */

/* Begin PBXResourcesBuildPhase section */
		5A3F9F871FC0274800F2DAF0 /* Resources */ = {
			isa = PBXResourcesBuildPhase;
			buildActionMask = 2147483647;
			files = (
				5A3F9FAD1FC0288500F2DAF0 /* CountryFlags.storyboard in Resources */,
				5A3F9F971FC0274800F2DAF0 /* LaunchScreen.storyboard in Resources */,
				5A3F9F941FC0274800F2DAF0 /* Assets.xcassets in Resources */,
			);
			runOnlyForDeploymentPostprocessing = 0;
		};
		5A3F9F9B1FC0274800F2DAF0 /* Resources */ = {
			isa = PBXResourcesBuildPhase;
			buildActionMask = 2147483647;
			files = (
			);
			runOnlyForDeploymentPostprocessing = 0;
		};
/* End PBXResourcesBuildPhase section */

/* Begin PBXSourcesBuildPhase section */
		5A3F9F851FC0274800F2DAF0 /* Sources */ = {
			isa = PBXSourcesBuildPhase;
			buildActionMask = 2147483647;
			files = (
				5A3F9FAF1FC0310500F2DAF0 /* CountryFlagsTableViewController.swift in Sources */,
				5A36A82E1FD1CCB000C0AF04 /* Countries.xcdatamodeld in Sources */,
				5A21B15D1FC99B4200110DC3 /* ImageCacheManager.swift in Sources */,
				5A3F9F8D1FC0274800F2DAF0 /* AppDelegate.swift in Sources */,
				5A2BD45D1FC8790A00FA7FC9 /* CountryFlagsTableViewController+UISearchControllerDelegate.swift in Sources */,
				5A36A82B1FD1A85000C0AF04 /* FlagsCache.swift in Sources */,
				5A3F9FB51FC0567100F2DAF0 /* CountryController.swift in Sources */,
				5A3F9FB21FC0426600F2DAF0 /* CountryCell.swift in Sources */,
				5A2BD45F1FC89F7900FA7FC9 /* Constants.swift in Sources */,
			);
			runOnlyForDeploymentPostprocessing = 0;
		};
		5A3F9F991FC0274800F2DAF0 /* Sources */ = {
			isa = PBXSourcesBuildPhase;
			buildActionMask = 2147483647;
			files = (
				5A3F9FA21FC0274800F2DAF0 /* ejercicio4Tests.swift in Sources */,
			);
			runOnlyForDeploymentPostprocessing = 0;
		};
/* End PBXSourcesBuildPhase section */

/* Begin PBXTargetDependency section */
		5A3F9F9F1FC0274800F2DAF0 /* PBXTargetDependency */ = {
			isa = PBXTargetDependency;
			target = 5A3F9F881FC0274800F2DAF0 /* ejercicio4 */;
			targetProxy = 5A3F9F9E1FC0274800F2DAF0 /* PBXContainerItemProxy */;
		};
/* End PBXTargetDependency section */

/* Begin PBXVariantGroup section */
		5A3F9F951FC0274800F2DAF0 /* LaunchScreen.storyboard */ = {
			isa = PBXVariantGroup;
			children = (
				5A3F9F961FC0274800F2DAF0 /* Base */,
			);
			name = LaunchScreen.storyboard;
			sourceTree = "<group>";
		};
/* End PBXVariantGroup section */

/* Begin XCBuildConfiguration section */
		5A3F9FA41FC0274800F2DAF0 /* Debug */ = {
			isa = XCBuildConfiguration;
			buildSettings = {
				ALWAYS_SEARCH_USER_PATHS = NO;
				CLANG_ANALYZER_NONNULL = YES;
				CLANG_ANALYZER_NUMBER_OBJECT_CONVERSION = YES_AGGRESSIVE;
				CLANG_CXX_LANGUAGE_STANDARD = "gnu++14";
				CLANG_CXX_LIBRARY = "libc++";
				CLANG_ENABLE_MODULES = YES;
				CLANG_ENABLE_OBJC_ARC = YES;
				CLANG_WARN_BLOCK_CAPTURE_AUTORELEASING = YES;
				CLANG_WARN_BOOL_CONVERSION = YES;
				CLANG_WARN_COMMA = YES;
				CLANG_WARN_CONSTANT_CONVERSION = YES;
				CLANG_WARN_DIRECT_OBJC_ISA_USAGE = YES_ERROR;
				CLANG_WARN_DOCUMENTATION_COMMENTS = YES;
				CLANG_WARN_EMPTY_BODY = YES;
				CLANG_WARN_ENUM_CONVERSION = YES;
				CLANG_WARN_INFINITE_RECURSION = YES;
				CLANG_WARN_INT_CONVERSION = YES;
				CLANG_WARN_NON_LITERAL_NULL_CONVERSION = YES;
				CLANG_WARN_OBJC_LITERAL_CONVERSION = YES;
				CLANG_WARN_OBJC_ROOT_CLASS = YES_ERROR;
				CLANG_WARN_RANGE_LOOP_ANALYSIS = YES;
				CLANG_WARN_STRICT_PROTOTYPES = YES;
				CLANG_WARN_SUSPICIOUS_MOVE = YES;
				CLANG_WARN_UNGUARDED_AVAILABILITY = YES_AGGRESSIVE;
				CLANG_WARN_UNREACHABLE_CODE = YES;
				CLANG_WARN__DUPLICATE_METHOD_MATCH = YES;
				CODE_SIGN_IDENTITY = "iPhone Developer";
				COPY_PHASE_STRIP = NO;
				DEBUG_INFORMATION_FORMAT = dwarf;
				ENABLE_STRICT_OBJC_MSGSEND = YES;
				ENABLE_TESTABILITY = YES;
				GCC_C_LANGUAGE_STANDARD = gnu11;
				GCC_DYNAMIC_NO_PIC = NO;
				GCC_NO_COMMON_BLOCKS = YES;
				GCC_OPTIMIZATION_LEVEL = 0;
				GCC_PREPROCESSOR_DEFINITIONS = (
					"DEBUG=1",
					"$(inherited)",
				);
				GCC_WARN_64_TO_32_BIT_CONVERSION = YES;
				GCC_WARN_ABOUT_RETURN_TYPE = YES_ERROR;
				GCC_WARN_UNDECLARED_SELECTOR = YES;
				GCC_WARN_UNINITIALIZED_AUTOS = YES_AGGRESSIVE;
				GCC_WARN_UNUSED_FUNCTION = YES;
				GCC_WARN_UNUSED_VARIABLE = YES;
				IPHONEOS_DEPLOYMENT_TARGET = 11.0;
				MTL_ENABLE_DEBUG_INFO = YES;
				ONLY_ACTIVE_ARCH = YES;
				SDKROOT = iphoneos;
				SWIFT_ACTIVE_COMPILATION_CONDITIONS = DEBUG;
				SWIFT_OPTIMIZATION_LEVEL = "-Onone";
			};
			name = Debug;
		};
		5A3F9FA51FC0274800F2DAF0 /* Release */ = {
			isa = XCBuildConfiguration;
			buildSettings = {
				ALWAYS_SEARCH_USER_PATHS = NO;
				CLANG_ANALYZER_NONNULL = YES;
				CLANG_ANALYZER_NUMBER_OBJECT_CONVERSION = YES_AGGRESSIVE;
				CLANG_CXX_LANGUAGE_STANDARD = "gnu++14";
				CLANG_CXX_LIBRARY = "libc++";
				CLANG_ENABLE_MODULES = YES;
				CLANG_ENABLE_OBJC_ARC = YES;
				CLANG_WARN_BLOCK_CAPTURE_AUTORELEASING = YES;
				CLANG_WARN_BOOL_CONVERSION = YES;
				CLANG_WARN_COMMA = YES;
				CLANG_WARN_CONSTANT_CONVERSION = YES;
				CLANG_WARN_DIRECT_OBJC_ISA_USAGE = YES_ERROR;
				CLANG_WARN_DOCUMENTATION_COMMENTS = YES;
				CLANG_WARN_EMPTY_BODY = YES;
				CLANG_WARN_ENUM_CONVERSION = YES;
				CLANG_WARN_INFINITE_RECURSION = YES;
				CLANG_WARN_INT_CONVERSION = YES;
				CLANG_WARN_NON_LITERAL_NULL_CONVERSION = YES;
				CLANG_WARN_OBJC_LITERAL_CONVERSION = YES;
				CLANG_WARN_OBJC_ROOT_CLASS = YES_ERROR;
				CLANG_WARN_RANGE_LOOP_ANALYSIS = YES;
				CLANG_WARN_STRICT_PROTOTYPES = YES;
				CLANG_WARN_SUSPICIOUS_MOVE = YES;
				CLANG_WARN_UNGUARDED_AVAILABILITY = YES_AGGRESSIVE;
				CLANG_WARN_UNREACHABLE_CODE = YES;
				CLANG_WARN__DUPLICATE_METHOD_MATCH = YES;
				CODE_SIGN_IDENTITY = "iPhone Developer";
				COPY_PHASE_STRIP = NO;
				DEBUG_INFORMATION_FORMAT = "dwarf-with-dsym";
				ENABLE_NS_ASSERTIONS = NO;
				ENABLE_STRICT_OBJC_MSGSEND = YES;
				GCC_C_LANGUAGE_STANDARD = gnu11;
				GCC_NO_COMMON_BLOCKS = YES;
				GCC_WARN_64_TO_32_BIT_CONVERSION = YES;
				GCC_WARN_ABOUT_RETURN_TYPE = YES_ERROR;
				GCC_WARN_UNDECLARED_SELECTOR = YES;
				GCC_WARN_UNINITIALIZED_AUTOS = YES_AGGRESSIVE;
				GCC_WARN_UNUSED_FUNCTION = YES;
				GCC_WARN_UNUSED_VARIABLE = YES;
				IPHONEOS_DEPLOYMENT_TARGET = 11.0;
				MTL_ENABLE_DEBUG_INFO = NO;
				SDKROOT = iphoneos;
				SWIFT_OPTIMIZATION_LEVEL = "-Owholemodule";
				VALIDATE_PRODUCT = YES;
			};
			name = Release;
		};
		5A3F9FA71FC0274800F2DAF0 /* Debug */ = {
			isa = XCBuildConfiguration;
			buildSettings = {
				ASSETCATALOG_COMPILER_APPICON_NAME = AppIcon;
				CODE_SIGN_STYLE = Automatic;
				DEVELOPMENT_TEAM = RDV2KJUFH7;
				INFOPLIST_FILE = ejercicio4/Info.plist;
				LD_RUNPATH_SEARCH_PATHS = "$(inherited) @executable_path/Frameworks";
				PRODUCT_BUNDLE_IDENTIFIER = es.usj.ejercicio4;
				PRODUCT_NAME = "$(TARGET_NAME)";
				SWIFT_VERSION = 4.0;
				TARGETED_DEVICE_FAMILY = "1,2";
			};
			name = Debug;
		};
		5A3F9FA81FC0274800F2DAF0 /* Release */ = {
			isa = XCBuildConfiguration;
			buildSettings = {
				ASSETCATALOG_COMPILER_APPICON_NAME = AppIcon;
				CODE_SIGN_STYLE = Automatic;
				DEVELOPMENT_TEAM = RDV2KJUFH7;
				INFOPLIST_FILE = ejercicio4/Info.plist;
				LD_RUNPATH_SEARCH_PATHS = "$(inherited) @executable_path/Frameworks";
				PRODUCT_BUNDLE_IDENTIFIER = es.usj.ejercicio4;
				PRODUCT_NAME = "$(TARGET_NAME)";
				SWIFT_VERSION = 4.0;
				TARGETED_DEVICE_FAMILY = "1,2";
			};
			name = Release;
		};
		5A3F9FAA1FC0274800F2DAF0 /* Debug */ = {
			isa = XCBuildConfiguration;
			buildSettings = {
				ALWAYS_EMBED_SWIFT_STANDARD_LIBRARIES = YES;
				BUNDLE_LOADER = "$(TEST_HOST)";
				CODE_SIGN_STYLE = Automatic;
				DEVELOPMENT_TEAM = NMZAS3NQ39;
				INFOPLIST_FILE = ejercicio4Tests/Info.plist;
				LD_RUNPATH_SEARCH_PATHS = "$(inherited) @executable_path/Frameworks @loader_path/Frameworks";
				PRODUCT_BUNDLE_IDENTIFIER = es.usj.ejercicio4Tests;
				PRODUCT_NAME = "$(TARGET_NAME)";
				SWIFT_VERSION = 4.0;
				TARGETED_DEVICE_FAMILY = "1,2";
				TEST_HOST = "$(BUILT_PRODUCTS_DIR)/ejercicio4.app/ejercicio4";
			};
			name = Debug;
		};
		5A3F9FAB1FC0274800F2DAF0 /* Release */ = {
			isa = XCBuildConfiguration;
			buildSettings = {
				ALWAYS_EMBED_SWIFT_STANDARD_LIBRARIES = YES;
				BUNDLE_LOADER = "$(TEST_HOST)";
				CODE_SIGN_STYLE = Automatic;
				DEVELOPMENT_TEAM = NMZAS3NQ39;
				INFOPLIST_FILE = ejercicio4Tests/Info.plist;
				LD_RUNPATH_SEARCH_PATHS = "$(inherited) @executable_path/Frameworks @loader_path/Frameworks";
				PRODUCT_BUNDLE_IDENTIFIER = es.usj.ejercicio4Tests;
				PRODUCT_NAME = "$(TARGET_NAME)";
				SWIFT_VERSION = 4.0;
				TARGETED_DEVICE_FAMILY = "1,2";
				TEST_HOST = "$(BUILT_PRODUCTS_DIR)/ejercicio4.app/ejercicio4";
			};
			name = Release;
		};
/* End XCBuildConfiguration section */

/* Begin XCConfigurationList section */
		5A3F9F841FC0274800F2DAF0 /* Build configuration list for PBXProject "ejercicio4" */ = {
			isa = XCConfigurationList;
			buildConfigurations = (
				5A3F9FA41FC0274800F2DAF0 /* Debug */,
				5A3F9FA51FC0274800F2DAF0 /* Release */,
			);
			defaultConfigurationIsVisible = 0;
			defaultConfigurationName = Release;
		};
		5A3F9FA61FC0274800F2DAF0 /* Build configuration list for PBXNativeTarget "ejercicio4" */ = {
			isa = XCConfigurationList;
			buildConfigurations = (
				5A3F9FA71FC0274800F2DAF0 /* Debug */,
				5A3F9FA81FC0274800F2DAF0 /* Release */,
			);
			defaultConfigurationIsVisible = 0;
			defaultConfigurationName = Release;
		};
		5A3F9FA91FC0274800F2DAF0 /* Build configuration list for PBXNativeTarget "ejercicio4Tests" */ = {
			isa = XCConfigurationList;
			buildConfigurations = (
				5A3F9FAA1FC0274800F2DAF0 /* Debug */,
				5A3F9FAB1FC0274800F2DAF0 /* Release */,
			);
			defaultConfigurationIsVisible = 0;
			defaultConfigurationName = Release;
		};
/* End XCConfigurationList section */

/* Begin XCVersionGroup section */
		5A36A82C1FD1CCB000C0AF04 /* Countries.xcdatamodeld */ = {
			isa = XCVersionGroup;
			children = (
				5A36A82D1FD1CCB000C0AF04 /* Countries.xcdatamodel */,
			);
			currentVersion = 5A36A82D1FD1CCB000C0AF04 /* Countries.xcdatamodel */;
			path = Countries.xcdatamodeld;
			sourceTree = "<group>";
			versionGroupType = wrapper.xcdatamodel;
		};
/* End XCVersionGroup section */
	};
	rootObject = 5A3F9F811FC0274800F2DAF0 /* Project object */;
}
